// !$*UTF8*$!
{
	archiveVersion = 1;
	classes = {
	};
	objectVersion = 55;
	objects = {

/* Begin PBXBuildFile section */
		4B4A5C4E278DE94800DA0F09 /* CardsData.swift in Sources */ = {isa = PBXBuildFile; fileRef = 4B4A5C4D278DE94800DA0F09 /* CardsData.swift */; };
		4B4A5C50278DEC1A00DA0F09 /* GameOptionData.swift in Sources */ = {isa = PBXBuildFile; fileRef = 4B4A5C4F278DEC1A00DA0F09 /* GameOptionData.swift */; };
		4B4A5C52278DEDFB00DA0F09 /* GameData.swift in Sources */ = {isa = PBXBuildFile; fileRef = 4B4A5C51278DEDFB00DA0F09 /* GameData.swift */; };
		4B4A5C54278DF00300DA0F09 /* UserData.swift in Sources */ = {isa = PBXBuildFile; fileRef = 4B4A5C53278DF00300DA0F09 /* UserData.swift */; };
		4BB06170278DCE6A0040B552 /* CardInfo.swift in Sources */ = {isa = PBXBuildFile; fileRef = 4BB0616F278DCE6A0040B552 /* CardInfo.swift */; };
		4BB06173278DE4EC0040B552 /* GameOption.swift in Sources */ = {isa = PBXBuildFile; fileRef = 4BB06172278DE4EC0040B552 /* GameOption.swift */; };
		4BB06175278DE59B0040B552 /* GameViewModel.swift in Sources */ = {isa = PBXBuildFile; fileRef = 4BB06174278DE59B0040B552 /* GameViewModel.swift */; };
		4BB06177278DE6670040B552 /* UserModel.swift in Sources */ = {isa = PBXBuildFile; fileRef = 4BB06176278DE6670040B552 /* UserModel.swift */; };
		4BCBD21127985AC200F813A1 /* CardController.swift in Sources */ = {isa = PBXBuildFile; fileRef = 4BCBD21027985AC200F813A1 /* CardController.swift */; };
		4BCBD213279862B300F813A1 /* GameController.swift in Sources */ = {isa = PBXBuildFile; fileRef = 4BCBD212279862B300F813A1 /* GameController.swift */; };
		4BCBD21727986B0F00F813A1 /* CardView.swift in Sources */ = {isa = PBXBuildFile; fileRef = 4BCBD21627986B0F00F813A1 /* CardView.swift */; };
		7D4E85F2279EF92B00640812 /* SamCardView.swift in Sources */ = {isa = PBXBuildFile; fileRef = 7D4E85F1279EF92B00640812 /* SamCardView.swift */; };
		7D4E85F4279EF93E00640812 /* TimerView.swift in Sources */ = {isa = PBXBuildFile; fileRef = 7D4E85F3279EF93E00640812 /* TimerView.swift */; };
		7D5AB46C2788944800DD56D1 /* NavView.swift in Sources */ = {isa = PBXBuildFile; fileRef = 7D5AB46B2788944800DD56D1 /* NavView.swift */; };
		7DCC1C1D278E6A30006DCC2D /* StatsView.swift in Sources */ = {isa = PBXBuildFile; fileRef = 7DCC1C1C278E6A30006DCC2D /* StatsView.swift */; };
		7DEE7E3427B5617C002AF033 /* SamNavView.swift in Sources */ = {isa = PBXBuildFile; fileRef = 7DEE7E3327B5617C002AF033 /* SamNavView.swift */; };
		7DEE7E3627B56E7C002AF033 /* MemoryGame.swift in Sources */ = {isa = PBXBuildFile; fileRef = 7DEE7E3527B56E7C002AF033 /* MemoryGame.swift */; };
		E04B1B6F278745AF006ED4DC /* Matching_GameApp.swift in Sources */ = {isa = PBXBuildFile; fileRef = E04B1B6E278745AF006ED4DC /* Matching_GameApp.swift */; };
		E04B1B71278745AF006ED4DC /* ContentView.swift in Sources */ = {isa = PBXBuildFile; fileRef = E04B1B70278745AF006ED4DC /* ContentView.swift */; };
		E04B1B73278745B8006ED4DC /* Assets.xcassets in Resources */ = {isa = PBXBuildFile; fileRef = E04B1B72278745B8006ED4DC /* Assets.xcassets */; };
		E04B1B76278745B8006ED4DC /* Preview Assets.xcassets in Resources */ = {isa = PBXBuildFile; fileRef = E04B1B75278745B8006ED4DC /* Preview Assets.xcassets */; };
/* End PBXBuildFile section */

/* Begin PBXFileReference section */
		4B4A5C4D278DE94800DA0F09 /* CardsData.swift */ = {isa = PBXFileReference; lastKnownFileType = sourcecode.swift; path = CardsData.swift; sourceTree = "<group>"; };
		4B4A5C4F278DEC1A00DA0F09 /* GameOptionData.swift */ = {isa = PBXFileReference; lastKnownFileType = sourcecode.swift; path = GameOptionData.swift; sourceTree = "<group>"; };
		4B4A5C51278DEDFB00DA0F09 /* GameData.swift */ = {isa = PBXFileReference; lastKnownFileType = sourcecode.swift; path = GameData.swift; sourceTree = "<group>"; };
		4B4A5C53278DF00300DA0F09 /* UserData.swift */ = {isa = PBXFileReference; lastKnownFileType = sourcecode.swift; path = UserData.swift; sourceTree = "<group>"; };
		4BB0616F278DCE6A0040B552 /* CardInfo.swift */ = {isa = PBXFileReference; lastKnownFileType = sourcecode.swift; path = CardInfo.swift; sourceTree = "<group>"; };
		4BB06172278DE4EC0040B552 /* GameOption.swift */ = {isa = PBXFileReference; lastKnownFileType = sourcecode.swift; path = GameOption.swift; sourceTree = "<group>"; };
		4BB06174278DE59B0040B552 /* GameViewModel.swift */ = {isa = PBXFileReference; lastKnownFileType = sourcecode.swift; path = GameViewModel.swift; sourceTree = "<group>"; };
		4BB06176278DE6670040B552 /* UserModel.swift */ = {isa = PBXFileReference; lastKnownFileType = sourcecode.swift; path = UserModel.swift; sourceTree = "<group>"; };
		4BCBD21027985AC200F813A1 /* CardController.swift */ = {isa = PBXFileReference; lastKnownFileType = sourcecode.swift; path = CardController.swift; sourceTree = "<group>"; };
		4BCBD212279862B300F813A1 /* GameController.swift */ = {isa = PBXFileReference; lastKnownFileType = sourcecode.swift; path = GameController.swift; sourceTree = "<group>"; };
		4BCBD21627986B0F00F813A1 /* CardView.swift */ = {isa = PBXFileReference; lastKnownFileType = sourcecode.swift; path = CardView.swift; sourceTree = "<group>"; };
		7D4E85F1279EF92B00640812 /* SamCardView.swift */ = {isa = PBXFileReference; lastKnownFileType = sourcecode.swift; path = SamCardView.swift; sourceTree = "<group>"; };
		7D4E85F3279EF93E00640812 /* TimerView.swift */ = {isa = PBXFileReference; lastKnownFileType = sourcecode.swift; path = TimerView.swift; sourceTree = "<group>"; };
		7D5AB46B2788944800DD56D1 /* NavView.swift */ = {isa = PBXFileReference; lastKnownFileType = sourcecode.swift; path = NavView.swift; sourceTree = "<group>"; };
		7DCC1C1C278E6A30006DCC2D /* StatsView.swift */ = {isa = PBXFileReference; lastKnownFileType = sourcecode.swift; path = StatsView.swift; sourceTree = "<group>"; };
		7DEE7E3327B5617C002AF033 /* SamNavView.swift */ = {isa = PBXFileReference; lastKnownFileType = sourcecode.swift; path = SamNavView.swift; sourceTree = "<group>"; };
		7DEE7E3527B56E7C002AF033 /* MemoryGame.swift */ = {isa = PBXFileReference; lastKnownFileType = sourcecode.swift; path = MemoryGame.swift; sourceTree = "<group>"; };
		E04B1B6B278745AF006ED4DC /* Matching Game.app */ = {isa = PBXFileReference; explicitFileType = wrapper.application; includeInIndex = 0; path = "Matching Game.app"; sourceTree = BUILT_PRODUCTS_DIR; };
		E04B1B6E278745AF006ED4DC /* Matching_GameApp.swift */ = {isa = PBXFileReference; lastKnownFileType = sourcecode.swift; path = Matching_GameApp.swift; sourceTree = "<group>"; };
		E04B1B70278745AF006ED4DC /* ContentView.swift */ = {isa = PBXFileReference; lastKnownFileType = sourcecode.swift; path = ContentView.swift; sourceTree = "<group>"; };
		E04B1B72278745B8006ED4DC /* Assets.xcassets */ = {isa = PBXFileReference; lastKnownFileType = folder.assetcatalog; path = Assets.xcassets; sourceTree = "<group>"; };
		E04B1B75278745B8006ED4DC /* Preview Assets.xcassets */ = {isa = PBXFileReference; lastKnownFileType = folder.assetcatalog; path = "Preview Assets.xcassets"; sourceTree = "<group>"; };
/* End PBXFileReference section */

/* Begin PBXFrameworksBuildPhase section */
		E04B1B68278745AF006ED4DC /* Frameworks */ = {
			isa = PBXFrameworksBuildPhase;
			buildActionMask = 2147483647;
			files = (
			);
			runOnlyForDeploymentPostprocessing = 0;
		};
/* End PBXFrameworksBuildPhase section */

/* Begin PBXGroup section */
		4B4A5C4C278DE93200DA0F09 /* Data */ = {
			isa = PBXGroup;
			children = (
				4B4A5C4D278DE94800DA0F09 /* CardsData.swift */,
				4B4A5C4F278DEC1A00DA0F09 /* GameOptionData.swift */,
				4B4A5C51278DEDFB00DA0F09 /* GameData.swift */,
				4B4A5C53278DF00300DA0F09 /* UserData.swift */,
			);
			path = Data;
			sourceTree = "<group>";
		};
		4BB06171278DE4BB0040B552 /* Models */ = {
			isa = PBXGroup;
			children = (
				4BB0616F278DCE6A0040B552 /* CardInfo.swift */,
				4BB06172278DE4EC0040B552 /* GameOption.swift */,
				4BB06174278DE59B0040B552 /* GameViewModel.swift */,
				4BB06176278DE6670040B552 /* UserModel.swift */,
			);
			path = Models;
			sourceTree = "<group>";
		};
		4BCBD20E27985A4A00F813A1 /* Views */ = {
			isa = PBXGroup;
			children = (
				E04B1B70278745AF006ED4DC /* ContentView.swift */,
				7D5AB46B2788944800DD56D1 /* NavView.swift */,
				7DCC1C1C278E6A30006DCC2D /* StatsView.swift */,
				4BCBD21627986B0F00F813A1 /* CardView.swift */,
				7D4E85F3279EF93E00640812 /* TimerView.swift */,
				7DEE7E3527B56E7C002AF033 /* MemoryGame.swift */,
				7D4E85F1279EF92B00640812 /* SamCardView.swift */,
			);
			path = Views;
			sourceTree = "<group>";
		};
		4BCBD20F27985A7C00F813A1 /* ViewControllers */ = {
			isa = PBXGroup;
			children = (
				4BCBD21027985AC200F813A1 /* CardController.swift */,
				4BCBD212279862B300F813A1 /* GameController.swift */,
			);
			path = ViewControllers;
			sourceTree = "<group>";
		};
		E04B1B62278745AF006ED4DC = {
			isa = PBXGroup;
			children = (
				7DEE7E3327B5617C002AF033 /* SamNavView.swift */,
				E04B1B6D278745AF006ED4DC /* Matching Game */,
				E04B1B6C278745AF006ED4DC /* Products */,
			);
			sourceTree = "<group>";
		};
		E04B1B6C278745AF006ED4DC /* Products */ = {
			isa = PBXGroup;
			children = (
				E04B1B6B278745AF006ED4DC /* Matching Game.app */,
			);
			name = Products;
			sourceTree = "<group>";
		};
		E04B1B6D278745AF006ED4DC /* Matching Game */ = {
			isa = PBXGroup;
			children = (
				E04B1B6E278745AF006ED4DC /* Matching_GameApp.swift */,
				4BCBD20E27985A4A00F813A1 /* Views */,
				4B4A5C4C278DE93200DA0F09 /* Data */,
				4BB06171278DE4BB0040B552 /* Models */,
				4BCBD20F27985A7C00F813A1 /* ViewControllers */,
				E04B1B72278745B8006ED4DC /* Assets.xcassets */,
				E04B1B74278745B8006ED4DC /* Preview Content */,
			);
			path = "Matching Game";
			sourceTree = "<group>";
		};
		E04B1B74278745B8006ED4DC /* Preview Content */ = {
			isa = PBXGroup;
			children = (
				E04B1B75278745B8006ED4DC /* Preview Assets.xcassets */,
			);
			path = "Preview Content";
			sourceTree = "<group>";
		};
/* End PBXGroup section */

/* Begin PBXNativeTarget section */
		E04B1B6A278745AF006ED4DC /* Matching Game */ = {
			isa = PBXNativeTarget;
			buildConfigurationList = E04B1B79278745B8006ED4DC /* Build configuration list for PBXNativeTarget "Matching Game" */;
			buildPhases = (
				E04B1B67278745AF006ED4DC /* Sources */,
				E04B1B68278745AF006ED4DC /* Frameworks */,
				E04B1B69278745AF006ED4DC /* Resources */,
			);
			buildRules = (
			);
			dependencies = (
			);
			name = "Matching Game";
			productName = "Matching Game";
			productReference = E04B1B6B278745AF006ED4DC /* Matching Game.app */;
			productType = "com.apple.product-type.application";
		};
/* End PBXNativeTarget section */

/* Begin PBXProject section */
		E04B1B63278745AF006ED4DC /* Project object */ = {
			isa = PBXProject;
			attributes = {
				BuildIndependentTargetsInParallel = 1;
				LastSwiftUpdateCheck = 1320;
				LastUpgradeCheck = 1320;
				TargetAttributes = {
					E04B1B6A278745AF006ED4DC = {
						CreatedOnToolsVersion = 13.2.1;
					};
				};
			};
			buildConfigurationList = E04B1B66278745AF006ED4DC /* Build configuration list for PBXProject "Matching Game" */;
			compatibilityVersion = "Xcode 13.0";
			developmentRegion = en;
			hasScannedForEncodings = 0;
			knownRegions = (
				en,
				Base,
			);
			mainGroup = E04B1B62278745AF006ED4DC;
			productRefGroup = E04B1B6C278745AF006ED4DC /* Products */;
			projectDirPath = "";
			projectRoot = "";
			targets = (
				E04B1B6A278745AF006ED4DC /* Matching Game */,
			);
		};
/* End PBXProject section */

/* Begin PBXResourcesBuildPhase section */
		E04B1B69278745AF006ED4DC /* Resources */ = {
			isa = PBXResourcesBuildPhase;
			buildActionMask = 2147483647;
			files = (
				E04B1B76278745B8006ED4DC /* Preview Assets.xcassets in Resources */,
				E04B1B73278745B8006ED4DC /* Assets.xcassets in Resources */,
			);
			runOnlyForDeploymentPostprocessing = 0;
		};
/* End PBXResourcesBuildPhase section */

/* Begin PBXSourcesBuildPhase section */
		E04B1B67278745AF006ED4DC /* Sources */ = {
			isa = PBXSourcesBuildPhase;
			buildActionMask = 2147483647;
			files = (
				7D4E85F2279EF92B00640812 /* SamCardView.swift in Sources */,
				4BB06175278DE59B0040B552 /* GameViewModel.swift in Sources */,
				4B4A5C52278DEDFB00DA0F09 /* GameData.swift in Sources */,
				4B4A5C4E278DE94800DA0F09 /* CardsData.swift in Sources */,
				4BB06177278DE6670040B552 /* UserModel.swift in Sources */,
				4BCBD21727986B0F00F813A1 /* CardView.swift in Sources */,
				4BB06173278DE4EC0040B552 /* GameOption.swift in Sources */,
				7DEE7E3627B56E7C002AF033 /* MemoryGame.swift in Sources */,
				4B4A5C54278DF00300DA0F09 /* UserData.swift in Sources */,
				7D5AB46C2788944800DD56D1 /* NavView.swift in Sources */,
				7D4E85F4279EF93E00640812 /* TimerView.swift in Sources */,
				4B4A5C50278DEC1A00DA0F09 /* GameOptionData.swift in Sources */,
				7DCC1C1D278E6A30006DCC2D /* StatsView.swift in Sources */,
				7DEE7E3427B5617C002AF033 /* SamNavView.swift in Sources */,
				E04B1B71278745AF006ED4DC /* ContentView.swift in Sources */,
				4BCBD213279862B300F813A1 /* GameController.swift in Sources */,
				E04B1B6F278745AF006ED4DC /* Matching_GameApp.swift in Sources */,
				4BB06170278DCE6A0040B552 /* CardInfo.swift in Sources */,
				4BCBD21127985AC200F813A1 /* CardController.swift in Sources */,
			);
			runOnlyForDeploymentPostprocessing = 0;
		};
/* End PBXSourcesBuildPhase section */

/* Begin XCBuildConfiguration section */
		E04B1B77278745B8006ED4DC /* Debug */ = {
			isa = XCBuildConfiguration;
			buildSettings = {
				ALWAYS_SEARCH_USER_PATHS = NO;
				CLANG_ANALYZER_NONNULL = YES;
				CLANG_ANALYZER_NUMBER_OBJECT_CONVERSION = YES_AGGRESSIVE;
				CLANG_CXX_LANGUAGE_STANDARD = "gnu++17";
				CLANG_CXX_LIBRARY = "libc++";
				CLANG_ENABLE_MODULES = YES;
				CLANG_ENABLE_OBJC_ARC = YES;
				CLANG_ENABLE_OBJC_WEAK = YES;
				CLANG_WARN_BLOCK_CAPTURE_AUTORELEASING = YES;
				CLANG_WARN_BOOL_CONVERSION = YES;
				CLANG_WARN_COMMA = YES;
				CLANG_WARN_CONSTANT_CONVERSION = YES;
				CLANG_WARN_DEPRECATED_OBJC_IMPLEMENTATIONS = YES;
				CLANG_WARN_DIRECT_OBJC_ISA_USAGE = YES_ERROR;
				CLANG_WARN_DOCUMENTATION_COMMENTS = YES;
				CLANG_WARN_EMPTY_BODY = YES;
				CLANG_WARN_ENUM_CONVERSION = YES;
				CLANG_WARN_INFINITE_RECURSION = YES;
				CLANG_WARN_INT_CONVERSION = YES;
				CLANG_WARN_NON_LITERAL_NULL_CONVERSION = YES;
				CLANG_WARN_OBJC_IMPLICIT_RETAIN_SELF = YES;
				CLANG_WARN_OBJC_LITERAL_CONVERSION = YES;
				CLANG_WARN_OBJC_ROOT_CLASS = YES_ERROR;
				CLANG_WARN_QUOTED_INCLUDE_IN_FRAMEWORK_HEADER = YES;
				CLANG_WARN_RANGE_LOOP_ANALYSIS = YES;
				CLANG_WARN_STRICT_PROTOTYPES = YES;
				CLANG_WARN_SUSPICIOUS_MOVE = YES;
				CLANG_WARN_UNGUARDED_AVAILABILITY = YES_AGGRESSIVE;
				CLANG_WARN_UNREACHABLE_CODE = YES;
				CLANG_WARN__DUPLICATE_METHOD_MATCH = YES;
				COPY_PHASE_STRIP = NO;
				DEBUG_INFORMATION_FORMAT = dwarf;
				ENABLE_STRICT_OBJC_MSGSEND = YES;
				ENABLE_TESTABILITY = YES;
				GCC_C_LANGUAGE_STANDARD = gnu11;
				GCC_DYNAMIC_NO_PIC = NO;
				GCC_NO_COMMON_BLOCKS = YES;
				GCC_OPTIMIZATION_LEVEL = 0;
				GCC_PREPROCESSOR_DEFINITIONS = (
					"DEBUG=1",
					"$(inherited)",
				);
				GCC_WARN_64_TO_32_BIT_CONVERSION = YES;
				GCC_WARN_ABOUT_RETURN_TYPE = YES_ERROR;
				GCC_WARN_UNDECLARED_SELECTOR = YES;
				GCC_WARN_UNINITIALIZED_AUTOS = YES_AGGRESSIVE;
				GCC_WARN_UNUSED_FUNCTION = YES;
				GCC_WARN_UNUSED_VARIABLE = YES;
				IPHONEOS_DEPLOYMENT_TARGET = 15.2;
				MTL_ENABLE_DEBUG_INFO = INCLUDE_SOURCE;
				MTL_FAST_MATH = YES;
				ONLY_ACTIVE_ARCH = YES;
				SDKROOT = iphoneos;
				SWIFT_ACTIVE_COMPILATION_CONDITIONS = DEBUG;
				SWIFT_OPTIMIZATION_LEVEL = "-Onone";
			};
			name = Debug;
		};
		E04B1B78278745B8006ED4DC /* Release */ = {
			isa = XCBuildConfiguration;
			buildSettings = {
				ALWAYS_SEARCH_USER_PATHS = NO;
				CLANG_ANALYZER_NONNULL = YES;
				CLANG_ANALYZER_NUMBER_OBJECT_CONVERSION = YES_AGGRESSIVE;
				CLANG_CXX_LANGUAGE_STANDARD = "gnu++17";
				CLANG_CXX_LIBRARY = "libc++";
				CLANG_ENABLE_MODULES = YES;
				CLANG_ENABLE_OBJC_ARC = YES;
				CLANG_ENABLE_OBJC_WEAK = YES;
				CLANG_WARN_BLOCK_CAPTURE_AUTORELEASING = YES;
				CLANG_WARN_BOOL_CONVERSION = YES;
				CLANG_WARN_COMMA = YES;
				CLANG_WARN_CONSTANT_CONVERSION = YES;
				CLANG_WARN_DEPRECATED_OBJC_IMPLEMENTATIONS = YES;
				CLANG_WARN_DIRECT_OBJC_ISA_USAGE = YES_ERROR;
				CLANG_WARN_DOCUMENTATION_COMMENTS = YES;
				CLANG_WARN_EMPTY_BODY = YES;
				CLANG_WARN_ENUM_CONVERSION = YES;
				CLANG_WARN_INFINITE_RECURSION = YES;
				CLANG_WARN_INT_CONVERSION = YES;
				CLANG_WARN_NON_LITERAL_NULL_CONVERSION = YES;
				CLANG_WARN_OBJC_IMPLICIT_RETAIN_SELF = YES;
				CLANG_WARN_OBJC_LITERAL_CONVERSION = YES;
				CLANG_WARN_OBJC_ROOT_CLASS = YES_ERROR;
				CLANG_WARN_QUOTED_INCLUDE_IN_FRAMEWORK_HEADER = YES;
				CLANG_WARN_RANGE_LOOP_ANALYSIS = YES;
				CLANG_WARN_STRICT_PROTOTYPES = YES;
				CLANG_WARN_SUSPICIOUS_MOVE = YES;
				CLANG_WARN_UNGUARDED_AVAILABILITY = YES_AGGRESSIVE;
				CLANG_WARN_UNREACHABLE_CODE = YES;
				CLANG_WARN__DUPLICATE_METHOD_MATCH = YES;
				COPY_PHASE_STRIP = NO;
				DEBUG_INFORMATION_FORMAT = "dwarf-with-dsym";
				ENABLE_NS_ASSERTIONS = NO;
				ENABLE_STRICT_OBJC_MSGSEND = YES;
				GCC_C_LANGUAGE_STANDARD = gnu11;
				GCC_NO_COMMON_BLOCKS = YES;
				GCC_WARN_64_TO_32_BIT_CONVERSION = YES;
				GCC_WARN_ABOUT_RETURN_TYPE = YES_ERROR;
				GCC_WARN_UNDECLARED_SELECTOR = YES;
				GCC_WARN_UNINITIALIZED_AUTOS = YES_AGGRESSIVE;
				GCC_WARN_UNUSED_FUNCTION = YES;
				GCC_WARN_UNUSED_VARIABLE = YES;
				IPHONEOS_DEPLOYMENT_TARGET = 15.2;
				MTL_ENABLE_DEBUG_INFO = NO;
				MTL_FAST_MATH = YES;
				SDKROOT = iphoneos;
				SWIFT_COMPILATION_MODE = wholemodule;
				SWIFT_OPTIMIZATION_LEVEL = "-O";
				VALIDATE_PRODUCT = YES;
			};
			name = Release;
		};
		E04B1B7A278745B8006ED4DC /* Debug */ = {
			isa = XCBuildConfiguration;
			buildSettings = {
				ASSETCATALOG_COMPILER_APPICON_NAME = AppIcon;
				ASSETCATALOG_COMPILER_GLOBAL_ACCENT_COLOR_NAME = AccentColor;
				CODE_SIGN_STYLE = Automatic;
				CURRENT_PROJECT_VERSION = 1;
				DEVELOPMENT_ASSET_PATHS = "\"Matching Game/Preview Content\"";
				DEVELOPMENT_TEAM = 49669334A2;
				ENABLE_PREVIEWS = YES;
				GENERATE_INFOPLIST_FILE = YES;
				INFOPLIST_KEY_UIApplicationSceneManifest_Generation = YES;
				INFOPLIST_KEY_UIApplicationSupportsIndirectInputEvents = YES;
				INFOPLIST_KEY_UILaunchScreen_Generation = YES;
				INFOPLIST_KEY_UISupportedInterfaceOrientations_iPad = "UIInterfaceOrientationPortrait UIInterfaceOrientationPortraitUpsideDown UIInterfaceOrientationLandscapeLeft UIInterfaceOrientationLandscapeRight";
				INFOPLIST_KEY_UISupportedInterfaceOrientations_iPhone = "UIInterfaceOrientationPortrait UIInterfaceOrientationLandscapeLeft UIInterfaceOrientationLandscapeRight";
				LD_RUNPATH_SEARCH_PATHS = (
					"$(inherited)",
					"@executable_path/Frameworks",
				);
				MARKETING_VERSION = 1.0;
				PRODUCT_BUNDLE_IDENTIFIER = "Matchingcom.example.Matching-Game";
				PRODUCT_NAME = "$(TARGET_NAME)";
				SWIFT_EMIT_LOC_STRINGS = YES;
				SWIFT_VERSION = 5.0;
				TARGETED_DEVICE_FAMILY = "1,2";
			};
			name = Debug;
		};
		E04B1B7B278745B8006ED4DC /* Release */ = {
			isa = XCBuildConfiguration;
			buildSettings = {
				ASSETCATALOG_COMPILER_APPICON_NAME = AppIcon;
				ASSETCATALOG_COMPILER_GLOBAL_ACCENT_COLOR_NAME = AccentColor;
				CODE_SIGN_STYLE = Automatic;
				CURRENT_PROJECT_VERSION = 1;
				DEVELOPMENT_ASSET_PATHS = "\"Matching Game/Preview Content\"";
				DEVELOPMENT_TEAM = "";
				ENABLE_PREVIEWS = YES;
				GENERATE_INFOPLIST_FILE = YES;
				INFOPLIST_KEY_UIApplicationSceneManifest_Generation = YES;
				INFOPLIST_KEY_UIApplicationSupportsIndirectInputEvents = YES;
				INFOPLIST_KEY_UILaunchScreen_Generation = YES;
				INFOPLIST_KEY_UISupportedInterfaceOrientations_iPad = "UIInterfaceOrientationPortrait UIInterfaceOrientationPortraitUpsideDown UIInterfaceOrientationLandscapeLeft UIInterfaceOrientationLandscapeRight";
				INFOPLIST_KEY_UISupportedInterfaceOrientations_iPhone = "UIInterfaceOrientationPortrait UIInterfaceOrientationLandscapeLeft UIInterfaceOrientationLandscapeRight";
				LD_RUNPATH_SEARCH_PATHS = (
					"$(inherited)",
					"@executable_path/Frameworks",
				);
				MARKETING_VERSION = 1.0;
				PRODUCT_BUNDLE_IDENTIFIER = "com.example.Matching-Game";
				PRODUCT_NAME = "$(TARGET_NAME)";
				SWIFT_EMIT_LOC_STRINGS = YES;
				SWIFT_VERSION = 5.0;
				TARGETED_DEVICE_FAMILY = "1,2";
			};
			name = Release;
		};
/* End XCBuildConfiguration section */

/* Begin XCConfigurationList section */
		E04B1B66278745AF006ED4DC /* Build configuration list for PBXProject "Matching Game" */ = {
			isa = XCConfigurationList;
			buildConfigurations = (
				E04B1B77278745B8006ED4DC /* Debug */,
				E04B1B78278745B8006ED4DC /* Release */,
			);
			defaultConfigurationIsVisible = 0;
			defaultConfigurationName = Release;
		};
		E04B1B79278745B8006ED4DC /* Build configuration list for PBXNativeTarget "Matching Game" */ = {
			isa = XCConfigurationList;
			buildConfigurations = (
				E04B1B7A278745B8006ED4DC /* Debug */,
				E04B1B7B278745B8006ED4DC /* Release */,
			);
			defaultConfigurationIsVisible = 0;
			defaultConfigurationName = Release;
		};
/* End XCConfigurationList section */
	};
	rootObject = E04B1B63278745AF006ED4DC /* Project object */;
}
